
Microsoft Visual Studio Solution File, Format Version 12.00
# Visual Studio Version 17
VisualStudioVersion = 17.8.34330.188
MinimumVisualStudioVersion = 10.0.40219.1
Project("{FAE04EC0-301F-11D3-BF4B-00C04F79EFBC}") = "DataAnnotationsSample", "DataAnnotationsSample.csproj", "{6DAA240A-B8F3-490B-8DB6-ED6CAA6B8B15}"
EndProject
Global
	GlobalSection(SolutionConfigurationPlatforms) = preSolution
		Debug|Any CPU = Debug|Any CPU
		Release|Any CPU = Release|Any CPU
	EndGlobalSection
	GlobalSection(ProjectConfigurationPlatforms) = postSolution
		{6DAA240A-B8F3-490B-8DB6-ED6CAA6B8B15}.Debug|Any CPU.ActiveCfg = Debug|Any CPU
		{6DAA240A-B8F3-490B-8DB6-ED6CAA6B8B15}.Debug|Any CPU.Build.0 = Debug|Any CPU
		{6DAA240A-B8F3-490B-8DB6-ED6CAA6B8B15}.Release|Any CPU.ActiveCfg = Release|Any CPU
		{6DAA240A-B8F3-490B-8DB6-ED6CAA6B8B15}.Release|Any CPU.Build.0 = Release|Any CPU
	EndGlobalSection
	GlobalSection(SolutionProperties) = preSolution
		HideSolutionNode = FALSE
	EndGlobalSection
	GlobalSection(ExtensibilityGlobals) = postSolution
		SolutionGuid = {827BF846-94E6-4DA3-AD0D-939343272E84}
	EndGlobalSection
EndGlobal
